# @generated by Move, please check-in and do not edit manually.

[move]
version = 3
manifest_digest = "AF4E8F6F2E5D510896811DB610F9C4176B77973D87BC22ABC87865640EB3EC30"
deps_digest = "F8BBB0CCB2491CA29A3DF03D6F92277A4F3574266507ACD77214D37ECA3F3082"
dependencies = [
  { id = "Sui", name = "Sui" },
]

[[move.package]]
id = "MoveStdlib"
source = { git = "https://github.com/MystenLabs/sui.git", rev = "framework/testnet", subdir = "crates/sui-framework/packages/move-stdlib" }

[[move.package]]
id = "Sui"
source = { git = "https://github.com/MystenLabs/sui.git", rev = "framework/testnet", subdir = "crates/sui-framework/packages/sui-framework" }

dependencies = [
  { id = "MoveStdlib", name = "MoveStdlib" },
]

[move.toolchain-version]
compiler-version = "1.43.0"
edition = "2024.beta"
flavor = "sui"

[env]

[env.devnet]
chain-id = "d4b9ca36"
original-published-id = "0x7ddc93565f81993e2fcdd7c68409e60dc858f85b72db3045cdc3c82048021684"
latest-published-id = "0x7ddc93565f81993e2fcdd7c68409e60dc858f85b72db3045cdc3c82048021684"
published-version = "1"
